// !$*UTF8*$!
{
	archiveVersion = 1;
	classes = {
	};
	objectVersion = 46;
	objects = {

/* Begin PBXBuildFile section */
		3D4C7B2C1E698C9B0013CF8C /* AppDelegate.m in Sources */ = {isa = PBXBuildFile; fileRef = 3D4C7B2B1E698C9B0013CF8C /* AppDelegate.m */; };
		3D4C7B2F1E698C9B0013CF8C /* main.m in Sources */ = {isa = PBXBuildFile; fileRef = 3D4C7B2E1E698C9B0013CF8C /* main.m */; };
		3D4C7B311E698C9B0013CF8C /* Assets.xcassets in Resources */ = {isa = PBXBuildFile; fileRef = 3D4C7B301E698C9B0013CF8C /* Assets.xcassets */; };
		3D4C7B341E698C9B0013CF8C /* MainMenu.xib in Resources */ = {isa = PBXBuildFile; fileRef = 3D4C7B321E698C9B0013CF8C /* MainMenu.xib */; };
		3D4C7B3D1E698CE00013CF8C /* JXKeypressesView.m in Sources */ = {isa = PBXBuildFile; fileRef = 3D4C7B3C1E698CE00013CF8C /* JXKeypressesView.m */; };
		3D52C5401EB8D3B2003ECADB /* TSCDocument.m in Sources */ = {isa = PBXBuildFile; fileRef = 3D52C53F1EB8D3B2003ECADB /* TSCDocument.m */; };
		3D52C5421EB8D41E003ECADB /* TSCAVPlayerRateConstants.c in Sources */ = {isa = PBXBuildFile; fileRef = 3D52C5411EB8D41E003ECADB /* TSCAVPlayerRateConstants.c */; };
		3D52C5461EB91281003ECADB /* JXKeypressesToEventNames.c in Sources */ = {isa = PBXBuildFile; fileRef = 3D52C5441EB91281003ECADB /* JXKeypressesToEventNames.c */; };
		3D52C54A1EB9199F003ECADB /* JXKeypressesDefinitions.c in Sources */ = {isa = PBXBuildFile; fileRef = 3D52C5491EB9199F003ECADB /* JXKeypressesDefinitions.c */; };
		3D7FC89B1EB6639C006B220A /* JXJKLStateMachine.m in Sources */ = {isa = PBXBuildFile; fileRef = 3D7FC8991EB66051006B220A /* JXJKLStateMachine.m */; };
		3D842E651F2A33350047EB86 /* TSCDocument+LoopSupport.m in Sources */ = {isa = PBXBuildFile; fileRef = 3D842E641F2A33350047EB86 /* TSCDocument+LoopSupport.m */; };
		3DA958A51F161C6700F1314F /* TSCDocument+AdvancedPlayback.m in Sources */ = {isa = PBXBuildFile; fileRef = 3DA958A41F161C6700F1314F /* TSCDocument+AdvancedPlayback.m */; };
		3DA958A81F16213900F1314F /* TSCDocument+BasicPlayback.m in Sources */ = {isa = PBXBuildFile; fileRef = 3DA958A71F16213900F1314F /* TSCDocument+BasicPlayback.m */; };
		3DD3AC231EC1D53C00679479 /* AVPlayer.m in Sources */ = {isa = PBXBuildFile; fileRef = 3DD3AC221EC1D53C00679479 /* AVPlayer.m */; };
/* End PBXBuildFile section */

/* Begin PBXFileReference section */
		3D4C7B271E698C9B0013CF8C /* Keyboard Keypresses Aggregation.app */ = {isa = PBXFileReference; explicitFileType = wrapper.application; includeInIndex = 0; path = "Keyboard Keypresses Aggregation.app"; sourceTree = BUILT_PRODUCTS_DIR; };
		3D4C7B2A1E698C9B0013CF8C /* AppDelegate.h */ = {isa = PBXFileReference; lastKnownFileType = sourcecode.c.h; path = AppDelegate.h; sourceTree = "<group>"; };
		3D4C7B2B1E698C9B0013CF8C /* AppDelegate.m */ = {isa = PBXFileReference; lastKnownFileType = sourcecode.c.objc; path = AppDelegate.m; sourceTree = "<group>"; };
		3D4C7B2E1E698C9B0013CF8C /* main.m */ = {isa = PBXFileReference; lastKnownFileType = sourcecode.c.objc; path = main.m; sourceTree = "<group>"; };
		3D4C7B301E698C9B0013CF8C /* Assets.xcassets */ = {isa = PBXFileReference; lastKnownFileType = folder.assetcatalog; path = Assets.xcassets; sourceTree = "<group>"; };
		3D4C7B331E698C9B0013CF8C /* Base */ = {isa = PBXFileReference; lastKnownFileType = file.xib; name = Base; path = Base.lproj/MainMenu.xib; sourceTree = "<group>"; };
		3D4C7B351E698C9B0013CF8C /* Info.plist */ = {isa = PBXFileReference; lastKnownFileType = text.plist.xml; path = Info.plist; sourceTree = "<group>"; };
		3D4C7B3B1E698CE00013CF8C /* JXKeypressesView.h */ = {isa = PBXFileReference; fileEncoding = 4; lastKnownFileType = sourcecode.c.h; path = JXKeypressesView.h; sourceTree = "<group>"; };
		3D4C7B3C1E698CE00013CF8C /* JXKeypressesView.m */ = {isa = PBXFileReference; fileEncoding = 4; lastKnownFileType = sourcecode.c.objc; path = JXKeypressesView.m; sourceTree = "<group>"; };
		3D52C53E1EB8D3B2003ECADB /* TSCDocument.h */ = {isa = PBXFileReference; fileEncoding = 4; lastKnownFileType = sourcecode.c.h; path = TSCDocument.h; sourceTree = "<group>"; };
		3D52C53F1EB8D3B2003ECADB /* TSCDocument.m */ = {isa = PBXFileReference; fileEncoding = 4; lastKnownFileType = sourcecode.c.objc; path = TSCDocument.m; sourceTree = "<group>"; };
		3D52C5411EB8D41E003ECADB /* TSCAVPlayerRateConstants.c */ = {isa = PBXFileReference; fileEncoding = 4; lastKnownFileType = sourcecode.c.c; path = TSCAVPlayerRateConstants.c; sourceTree = "<group>"; };
		3D52C5431EB8D452003ECADB /* TSCAVPlayerRateConstants.h */ = {isa = PBXFileReference; lastKnownFileType = sourcecode.c.h; path = TSCAVPlayerRateConstants.h; sourceTree = "<group>"; };
		3D52C5441EB91281003ECADB /* JXKeypressesToEventNames.c */ = {isa = PBXFileReference; fileEncoding = 4; lastKnownFileType = sourcecode.c.c; path = JXKeypressesToEventNames.c; sourceTree = "<group>"; };
		3D52C5451EB91281003ECADB /* JXKeypressesToEventNames.h */ = {isa = PBXFileReference; fileEncoding = 4; lastKnownFileType = sourcecode.c.h; path = JXKeypressesToEventNames.h; sourceTree = "<group>"; };
		3D52C5471EB9158F003ECADB /* JXKeypressesDefinitions.h */ = {isa = PBXFileReference; lastKnownFileType = sourcecode.c.h; path = JXKeypressesDefinitions.h; sourceTree = "<group>"; };
		3D52C5491EB9199F003ECADB /* JXKeypressesDefinitions.c */ = {isa = PBXFileReference; fileEncoding = 4; lastKnownFileType = sourcecode.c.c; path = JXKeypressesDefinitions.c; sourceTree = "<group>"; };
		3D705EF91ECA524C00351A6C /* JXState.h */ = {isa = PBXFileReference; lastKnownFileType = sourcecode.c.h; path = JXState.h; sourceTree = "<group>"; };
		3D7FC8981EB66051006B220A /* JXJKLStateMachine.h */ = {isa = PBXFileReference; fileEncoding = 4; lastKnownFileType = sourcecode.c.h; path = JXJKLStateMachine.h; sourceTree = "<group>"; };
		3D7FC8991EB66051006B220A /* JXJKLStateMachine.m */ = {isa = PBXFileReference; fileEncoding = 4; lastKnownFileType = sourcecode.c.objc; path = JXJKLStateMachine.m; sourceTree = "<group>"; };
		3D842E631F2A33350047EB86 /* TSCDocument+LoopSupport.h */ = {isa = PBXFileReference; fileEncoding = 4; lastKnownFileType = sourcecode.c.h; path = "TSCDocument+LoopSupport.h"; sourceTree = "<group>"; };
		3D842E641F2A33350047EB86 /* TSCDocument+LoopSupport.m */ = {isa = PBXFileReference; fileEncoding = 4; lastKnownFileType = sourcecode.c.objc; path = "TSCDocument+LoopSupport.m"; sourceTree = "<group>"; };
		3DA958A31F161C6700F1314F /* TSCDocument+AdvancedPlayback.h */ = {isa = PBXFileReference; fileEncoding = 4; lastKnownFileType = sourcecode.c.h; path = "TSCDocument+AdvancedPlayback.h"; sourceTree = "<group>"; };
		3DA958A41F161C6700F1314F /* TSCDocument+AdvancedPlayback.m */ = {isa = PBXFileReference; fileEncoding = 4; lastKnownFileType = sourcecode.c.objc; path = "TSCDocument+AdvancedPlayback.m"; sourceTree = "<group>"; };
		3DA958A61F16213900F1314F /* TSCDocument+BasicPlayback.h */ = {isa = PBXFileReference; fileEncoding = 4; lastKnownFileType = sourcecode.c.h; path = "TSCDocument+BasicPlayback.h"; sourceTree = "<group>"; };
		3DA958A71F16213900F1314F /* TSCDocument+BasicPlayback.m */ = {isa = PBXFileReference; fileEncoding = 4; lastKnownFileType = sourcecode.c.objc; path = "TSCDocument+BasicPlayback.m"; sourceTree = "<group>"; };
		3DD3AC211EC1D53C00679479 /* AVPlayer.h */ = {isa = PBXFileReference; fileEncoding = 4; lastKnownFileType = sourcecode.c.h; path = AVPlayer.h; sourceTree = "<group>"; };
		3DD3AC221EC1D53C00679479 /* AVPlayer.m */ = {isa = PBXFileReference; fileEncoding = 4; lastKnownFileType = sourcecode.c.objc; path = AVPlayer.m; sourceTree = "<group>"; };
		3DD3AC241EC48B3000679479 /* JXPowersOfTwoHelpers.h */ = {isa = PBXFileReference; lastKnownFileType = sourcecode.c.h; path = JXPowersOfTwoHelpers.h; sourceTree = "<group>"; };
		3DD3AC251EC491A800679479 /* JXStateForRate.h */ = {isa = PBXFileReference; lastKnownFileType = sourcecode.c.h; path = JXStateForRate.h; sourceTree = "<group>"; };
/* End PBXFileReference section */

/* Begin PBXFrameworksBuildPhase section */
		3D4C7B241E698C9B0013CF8C /* Frameworks */ = {
			isa = PBXFrameworksBuildPhase;
			buildActionMask = 2147483647;
			files = (
			);
			runOnlyForDeploymentPostprocessing = 0;
		};
/* End PBXFrameworksBuildPhase section */

/* Begin PBXGroup section */
		3D45D8EF1F3F2E2700064F55 /* misc */ = {
			isa = PBXGroup;
			children = (
				3DD3AC241EC48B3000679479 /* JXPowersOfTwoHelpers.h */,
				3D52C5431EB8D452003ECADB /* TSCAVPlayerRateConstants.h */,
				3D52C5411EB8D41E003ECADB /* TSCAVPlayerRateConstants.c */,
			);
			path = misc;
			sourceTree = "<group>";
		};
		3D4C7B1E1E698C9B0013CF8C = {
			isa = PBXGroup;
			children = (
				3D4C7B291E698C9B0013CF8C /* Example */,
				3D4C7B281E698C9B0013CF8C /* Products */,
			);
			sourceTree = "<group>";
		};
		3D4C7B281E698C9B0013CF8C /* Products */ = {
			isa = PBXGroup;
			children = (
				3D4C7B271E698C9B0013CF8C /* Keyboard Keypresses Aggregation.app */,
			);
			name = Products;
			sourceTree = "<group>";
		};
		3D4C7B291E698C9B0013CF8C /* Example */ = {
			isa = PBXGroup;
			children = (
				3D4C7B2A1E698C9B0013CF8C /* AppDelegate.h */,
				3D4C7B2B1E698C9B0013CF8C /* AppDelegate.m */,
				3D4C7B301E698C9B0013CF8C /* Assets.xcassets */,
				3D842E5C1F2A31EB0047EB86 /* Dummies */,
				3D842E5D1F2A32560047EB86 /* JXKeypressesView */,
				3D45D8EF1F3F2E2700064F55 /* misc */,
				3D842E5E1F2A32BD0047EB86 /* Resources */,
				3D4C7B2D1E698C9B0013CF8C /* Supporting Files */,
			);
			path = Example;
			sourceTree = "<group>";
		};
		3D4C7B2D1E698C9B0013CF8C /* Supporting Files */ = {
			isa = PBXGroup;
			children = (
				3D4C7B2E1E698C9B0013CF8C /* main.m */,
			);
			name = "Supporting Files";
			sourceTree = "<group>";
		};
		3D842E5C1F2A31EB0047EB86 /* Dummies */ = {
			isa = PBXGroup;
			children = (
				3DD3AC211EC1D53C00679479 /* AVPlayer.h */,
				3DD3AC221EC1D53C00679479 /* AVPlayer.m */,
				3D52C53E1EB8D3B2003ECADB /* TSCDocument.h */,
				3D52C53F1EB8D3B2003ECADB /* TSCDocument.m */,
				3DA958A31F161C6700F1314F /* TSCDocument+AdvancedPlayback.h */,
				3DA958A41F161C6700F1314F /* TSCDocument+AdvancedPlayback.m */,
				3DA958A61F16213900F1314F /* TSCDocument+BasicPlayback.h */,
				3DA958A71F16213900F1314F /* TSCDocument+BasicPlayback.m */,
				3D842E631F2A33350047EB86 /* TSCDocument+LoopSupport.h */,
				3D842E641F2A33350047EB86 /* TSCDocument+LoopSupport.m */,
			);
			path = Dummies;
			sourceTree = "<group>";
		};
		3D842E5D1F2A32560047EB86 /* JXKeypressesView */ = {
			isa = PBXGroup;
			children = (
				3D7FC8981EB66051006B220A /* JXJKLStateMachine.h */,
				3D7FC8991EB66051006B220A /* JXJKLStateMachine.m */,
				3D52C5471EB9158F003ECADB /* JXKeypressesDefinitions.h */,
				3D52C5491EB9199F003ECADB /* JXKeypressesDefinitions.c */,
				3D52C5451EB91281003ECADB /* JXKeypressesToEventNames.h */,
				3D52C5441EB91281003ECADB /* JXKeypressesToEventNames.c */,
				3D4C7B3B1E698CE00013CF8C /* JXKeypressesView.h */,
				3D4C7B3C1E698CE00013CF8C /* JXKeypressesView.m */,
				3D705EF91ECA524C00351A6C /* JXState.h */,
				3DD3AC251EC491A800679479 /* JXStateForRate.h */,
			);
			path = JXKeypressesView;
			sourceTree = "<group>";
		};
		3D842E5E1F2A32BD0047EB86 /* Resources */ = {
			isa = PBXGroup;
			children = (
				3D4C7B321E698C9B0013CF8C /* MainMenu.xib */,
				3D4C7B351E698C9B0013CF8C /* Info.plist */,
			);
			name = Resources;
			sourceTree = "<group>";
		};
/* End PBXGroup section */

/* Begin PBXNativeTarget section */
		3D4C7B261E698C9B0013CF8C /* Keyboard Keypresses Aggregation */ = {
			isa = PBXNativeTarget;
			buildConfigurationList = 3D4C7B381E698C9B0013CF8C /* Build configuration list for PBXNativeTarget "Keyboard Keypresses Aggregation" */;
			buildPhases = (
				3D4C7B231E698C9B0013CF8C /* Sources */,
				3D4C7B241E698C9B0013CF8C /* Frameworks */,
				3D4C7B251E698C9B0013CF8C /* Resources */,
			);
			buildRules = (
			);
			dependencies = (
			);
			name = "Keyboard Keypresses Aggregation";
			productName = "Keyboard Keypresses Aggregation";
			productReference = 3D4C7B271E698C9B0013CF8C /* Keyboard Keypresses Aggregation.app */;
			productType = "com.apple.product-type.application";
		};
/* End PBXNativeTarget section */

/* Begin PBXProject section */
		3D4C7B1F1E698C9B0013CF8C /* Project object */ = {
			isa = PBXProject;
			attributes = {
				LastUpgradeCheck = 0730;
				ORGANIZATIONNAME = Jan;
				TargetAttributes = {
					3D4C7B261E698C9B0013CF8C = {
						CreatedOnToolsVersion = 7.3.1;
					};
				};
			};
			buildConfigurationList = 3D4C7B221E698C9B0013CF8C /* Build configuration list for PBXProject "Example" */;
			compatibilityVersion = "Xcode 3.2";
			developmentRegion = English;
			hasScannedForEncodings = 0;
			knownRegions = (
				en,
				Base,
			);
			mainGroup = 3D4C7B1E1E698C9B0013CF8C;
			productRefGroup = 3D4C7B281E698C9B0013CF8C /* Products */;
			projectDirPath = "";
			projectRoot = "";
			targets = (
				3D4C7B261E698C9B0013CF8C /* Keyboard Keypresses Aggregation */,
			);
		};
/* End PBXProject section */

/* Begin PBXResourcesBuildPhase section */
		3D4C7B251E698C9B0013CF8C /* Resources */ = {
			isa = PBXResourcesBuildPhase;
			buildActionMask = 2147483647;
			files = (
				3D4C7B311E698C9B0013CF8C /* Assets.xcassets in Resources */,
				3D4C7B341E698C9B0013CF8C /* MainMenu.xib in Resources */,
			);
			runOnlyForDeploymentPostprocessing = 0;
		};
/* End PBXResourcesBuildPhase section */

/* Begin PBXSourcesBuildPhase section */
		3D4C7B231E698C9B0013CF8C /* Sources */ = {
			isa = PBXSourcesBuildPhase;
			buildActionMask = 2147483647;
			files = (
				3D4C7B2F1E698C9B0013CF8C /* main.m in Sources */,
				3D4C7B2C1E698C9B0013CF8C /* AppDelegate.m in Sources */,
				3D52C5421EB8D41E003ECADB /* TSCAVPlayerRateConstants.c in Sources */,
				3D4C7B3D1E698CE00013CF8C /* JXKeypressesView.m in Sources */,
				3DA958A51F161C6700F1314F /* TSCDocument+AdvancedPlayback.m in Sources */,
				3DD3AC231EC1D53C00679479 /* AVPlayer.m in Sources */,
				3D7FC89B1EB6639C006B220A /* JXJKLStateMachine.m in Sources */,
				3D842E651F2A33350047EB86 /* TSCDocument+LoopSupport.m in Sources */,
				3D52C54A1EB9199F003ECADB /* JXKeypressesDefinitions.c in Sources */,
				3DA958A81F16213900F1314F /* TSCDocument+BasicPlayback.m in Sources */,
				3D52C5461EB91281003ECADB /* JXKeypressesToEventNames.c in Sources */,
				3D52C5401EB8D3B2003ECADB /* TSCDocument.m in Sources */,
			);
			runOnlyForDeploymentPostprocessing = 0;
		};
/* End PBXSourcesBuildPhase section */

/* Begin PBXVariantGroup section */
		3D4C7B321E698C9B0013CF8C /* MainMenu.xib */ = {
			isa = PBXVariantGroup;
			children = (
				3D4C7B331E698C9B0013CF8C /* Base */,
			);
			name = MainMenu.xib;
			sourceTree = "<group>";
		};
/* End PBXVariantGroup section */

/* Begin XCBuildConfiguration section */
		3D4C7B361E698C9B0013CF8C /* Debug */ = {
			isa = XCBuildConfiguration;
			buildSettings = {
				ALWAYS_SEARCH_USER_PATHS = NO;
				CLANG_ANALYZER_NONNULL = YES;
				CLANG_CXX_LANGUAGE_STANDARD = "gnu++0x";
				CLANG_CXX_LIBRARY = "libc++";
				CLANG_ENABLE_MODULES = YES;
				CLANG_ENABLE_OBJC_ARC = YES;
				CLANG_WARN_BOOL_CONVERSION = YES;
				CLANG_WARN_CONSTANT_CONVERSION = YES;
				CLANG_WARN_DIRECT_OBJC_ISA_USAGE = YES_ERROR;
				CLANG_WARN_EMPTY_BODY = YES;
				CLANG_WARN_ENUM_CONVERSION = YES;
				CLANG_WARN_INT_CONVERSION = YES;
				CLANG_WARN_OBJC_ROOT_CLASS = YES_ERROR;
				CLANG_WARN_UNREACHABLE_CODE = YES;
				CLANG_WARN__DUPLICATE_METHOD_MATCH = YES;
				CODE_SIGN_IDENTITY = "-";
				COPY_PHASE_STRIP = NO;
				DEBUG_INFORMATION_FORMAT = dwarf;
				ENABLE_STRICT_OBJC_MSGSEND = YES;
				ENABLE_TESTABILITY = YES;
				GCC_C_LANGUAGE_STANDARD = gnu99;
				GCC_DYNAMIC_NO_PIC = NO;
				GCC_NO_COMMON_BLOCKS = YES;
				GCC_OPTIMIZATION_LEVEL = 0;
				GCC_PREPROCESSOR_DEFINITIONS = (
					"DEBUG=1",
					"$(inherited)",
				);
				GCC_WARN_64_TO_32_BIT_CONVERSION = YES;
				GCC_WARN_ABOUT_RETURN_TYPE = YES_ERROR;
				GCC_WARN_UNDECLARED_SELECTOR = YES;
				GCC_WARN_UNINITIALIZED_AUTOS = YES_AGGRESSIVE;
				GCC_WARN_UNUSED_FUNCTION = YES;
				GCC_WARN_UNUSED_VARIABLE = YES;
				MACOSX_DEPLOYMENT_TARGET = 10.11;
				MTL_ENABLE_DEBUG_INFO = YES;
				ONLY_ACTIVE_ARCH = YES;
				SDKROOT = macosx;
			};
			name = Debug;
		};
		3D4C7B371E698C9B0013CF8C /* Release */ = {
			isa = XCBuildConfiguration;
			buildSettings = {
				ALWAYS_SEARCH_USER_PATHS = NO;
				CLANG_ANALYZER_NONNULL = YES;
				CLANG_CXX_LANGUAGE_STANDARD = "gnu++0x";
				CLANG_CXX_LIBRARY = "libc++";
				CLANG_ENABLE_MODULES = YES;
				CLANG_ENABLE_OBJC_ARC = YES;
				CLANG_WARN_BOOL_CONVERSION = YES;
				CLANG_WARN_CONSTANT_CONVERSION = YES;
				CLANG_WARN_DIRECT_OBJC_ISA_USAGE = YES_ERROR;
				CLANG_WARN_EMPTY_BODY = YES;
				CLANG_WARN_ENUM_CONVERSION = YES;
				CLANG_WARN_INT_CONVERSION = YES;
				CLANG_WARN_OBJC_ROOT_CLASS = YES_ERROR;
				CLANG_WARN_UNREACHABLE_CODE = YES;
				CLANG_WARN__DUPLICATE_METHOD_MATCH = YES;
				CODE_SIGN_IDENTITY = "-";
				COPY_PHASE_STRIP = NO;
				DEBUG_INFORMATION_FORMAT = "dwarf-with-dsym";
				ENABLE_NS_ASSERTIONS = NO;
				ENABLE_STRICT_OBJC_MSGSEND = YES;
				GCC_C_LANGUAGE_STANDARD = gnu99;
				GCC_NO_COMMON_BLOCKS = YES;
				GCC_WARN_64_TO_32_BIT_CONVERSION = YES;
				GCC_WARN_ABOUT_RETURN_TYPE = YES_ERROR;
				GCC_WARN_UNDECLARED_SELECTOR = YES;
				GCC_WARN_UNINITIALIZED_AUTOS = YES_AGGRESSIVE;
				GCC_WARN_UNUSED_FUNCTION = YES;
				GCC_WARN_UNUSED_VARIABLE = YES;
				MACOSX_DEPLOYMENT_TARGET = 10.11;
				MTL_ENABLE_DEBUG_INFO = NO;
				SDKROOT = macosx;
			};
			name = Release;
		};
		3D4C7B391E698C9B0013CF8C /* Debug */ = {
			isa = XCBuildConfiguration;
			buildSettings = {
				ASSETCATALOG_COMPILER_APPICON_NAME = AppIcon;
				COMBINE_HIDPI_IMAGES = YES;
				INFOPLIST_FILE = Example/Info.plist;
				LD_RUNPATH_SEARCH_PATHS = "$(inherited) @executable_path/../Frameworks";
				PRODUCT_BUNDLE_IDENTIFIER = "de.geheimwerk.Keyboard-Keypresses-Aggregation";
				PRODUCT_NAME = "$(TARGET_NAME)";
			};
			name = Debug;
		};
		3D4C7B3A1E698C9B0013CF8C /* Release */ = {
			isa = XCBuildConfiguration;
			buildSettings = {
				ASSETCATALOG_COMPILER_APPICON_NAME = AppIcon;
				COMBINE_HIDPI_IMAGES = YES;
				INFOPLIST_FILE = "Keyboard Keypresses Aggregation/Info.plist";
				LD_RUNPATH_SEARCH_PATHS = "$(inherited) @executable_path/../Frameworks";
				PRODUCT_BUNDLE_IDENTIFIER = "de.geheimwerk.Keyboard-Keypresses-Aggregation";
				PRODUCT_NAME = "$(TARGET_NAME)";
			};
			name = Release;
		};
/* End XCBuildConfiguration section */

/* Begin XCConfigurationList section */
		3D4C7B221E698C9B0013CF8C /* Build configuration list for PBXProject "Example" */ = {
			isa = XCConfigurationList;
			buildConfigurations = (
				3D4C7B361E698C9B0013CF8C /* Debug */,
				3D4C7B371E698C9B0013CF8C /* Release */,
			);
			defaultConfigurationIsVisible = 0;
			defaultConfigurationName = Release;
		};
		3D4C7B381E698C9B0013CF8C /* Build configuration list for PBXNativeTarget "Keyboard Keypresses Aggregation" */ = {
			isa = XCConfigurationList;
			buildConfigurations = (
				3D4C7B391E698C9B0013CF8C /* Debug */,
				3D4C7B3A1E698C9B0013CF8C /* Release */,
			);
			defaultConfigurationIsVisible = 0;
			defaultConfigurationName = Release;
		};
/* End XCConfigurationList section */
	};
	rootObject = 3D4C7B1F1E698C9B0013CF8C /* Project object */;
}
